
Microsoft Visual Studio Solution File, Format Version 12.00
# Visual Studio Version 17
VisualStudioVersion = 17.7.34024.191
MinimumVisualStudioVersion = 10.0.40219.1
Project("{FAE04EC0-301F-11D3-BF4B-00C04F79EFBC}") = "kuismath", "kuismath\kuismath.csproj", "{27016AB9-1D56-4561-89EA-CF888056ABF5}"
EndProject
Global
	GlobalSection(SolutionConfigurationPlatforms) = preSolution
		Debug|Any CPU = Debug|Any CPU
		Release|Any CPU = Release|Any CPU
	EndGlobalSection
	GlobalSection(ProjectConfigurationPlatforms) = postSolution
		{27016AB9-1D56-4561-89EA-CF888056ABF5}.Debug|Any CPU.ActiveCfg = Debug|Any CPU
		{27016AB9-1D56-4561-89EA-CF888056ABF5}.Debug|Any CPU.Build.0 = Debug|Any CPU
		{27016AB9-1D56-4561-89EA-CF888056ABF5}.Release|Any CPU.ActiveCfg = Release|Any CPU
		{27016AB9-1D56-4561-89EA-CF888056ABF5}.Release|Any CPU.Build.0 = Release|Any CPU
	EndGlobalSection
	GlobalSection(SolutionProperties) = preSolution
		HideSolutionNode = FALSE
	EndGlobalSection
	GlobalSection(ExtensibilityGlobals) = postSolution
		SolutionGuid = {EAA68653-9BF2-464B-B142-A3636CA2D858}
	EndGlobalSection
EndGlobal
